[[package]]
name = "amqp"
version = "5.2.0"
description = "Low-level AMQP client for Python (fork of amqplib)."
category = "main"
optional = false
python-versions = ">=3.6"

[package.dependencies]
vine = ">=5.0.0,<6.0.0"

[[package]]
name = "asgiref"
version = "3.8.1"
description = "ASGI specs, helper code, and adapters"
category = "main"
optional = false
python-versions = ">=3.8"

[package.dependencies]
typing-extensions = {version = ">=4", markers = "python_version < \"3.11\""}

[package.extras]
tests = ["pytest", "pytest-asyncio", "mypy (>=0.800)"]

[[package]]
name = "asttokens"
version = "2.4.1"
description = "Annotate AST trees with source code positions"
category = "main"
optional = false
python-versions = "*"

[package.dependencies]
six = ">=1.12.0"

[package.extras]
astroid = ["astroid (>=1,<2)", "astroid (>=2,<4)"]
test = ["pytest", "astroid (>=1,<2)", "astroid (>=2,<4)"]

[[package]]
name = "async-timeout"
version = "4.0.3"
description = "Timeout context manager for asyncio programs"
category = "main"
optional = false
python-versions = ">=3.7"

[[package]]
name = "billiard"
version = "4.2.0"
description = "Python multiprocessing fork with improvements and bugfixes"
category = "main"
optional = false
python-versions = ">=3.7"

[[package]]
name = "celery"
version = "5.4.0"
description = "Distributed Task Queue."
category = "main"
optional = false
python-versions = ">=3.8"

[package.dependencies]
billiard = ">=4.2.0,<5.0"
click = ">=8.1.2,<9.0"
click-didyoumean = ">=0.3.0"
click-plugins = ">=1.1.1"
click-repl = ">=0.2.0"
kombu = ">=5.3.4,<6.0"
python-dateutil = ">=2.8.2"
tzdata = ">=2022.7"
vine = ">=5.1.0,<6.0"

[package.extras]
arangodb = ["pyArango (>=2.0.2)"]
auth = ["cryptography (==42.0.5)"]
azureblockblob = ["azure-storage-blob (>=12.15.0)"]
brotli = ["brotli (>=1.0.0)", "brotlipy (>=0.7.0)"]
cassandra = ["cassandra-driver (>=3.25.0,<4)"]
consul = ["python-consul2 (==0.1.5)"]
cosmosdbsql = ["pydocumentdb (==2.3.5)"]
couchbase = ["couchbase (>=3.0.0)"]
couchdb = ["pycouchdb (==1.14.2)"]
django = ["Django (>=2.2.28)"]
dynamodb = ["boto3 (>=1.26.143)"]
elasticsearch = ["elasticsearch (<=8.13.0)", "elastic-transport (<=8.13.0)"]
eventlet = ["eventlet (>=0.32.0)"]
gcs = ["google-cloud-storage (>=2.10.0)"]
gevent = ["gevent (>=1.5.0)"]
librabbitmq = ["librabbitmq (>=2.0.0)"]
memcache = ["pylibmc (==1.6.3)"]
mongodb = ["pymongo[srv] (>=4.0.2)"]
msgpack = ["msgpack (==1.0.8)"]
pymemcache = ["python-memcached (>=1.61)"]
pyro = ["pyro4 (==4.82)"]
pytest = ["pytest-celery[all] (>=1.0.0)"]
redis = ["redis (>=4.5.2,!=4.5.5,<6.0.0)"]
s3 = ["boto3 (>=1.26.143)"]
slmq = ["softlayer-messaging (>=1.0.3)"]
solar = ["ephem (==4.1.5)"]
sqlalchemy = ["sqlalchemy (>=1.4.48,<2.1)"]
sqs = ["boto3 (>=1.26.143)", "urllib3 (>=1.26.16)", "kombu[sqs] (>=5.3.4)", "pycurl (>=7.43.0.5)"]
tblib = ["tblib (>=1.3.0)", "tblib (>=1.5.0)"]
yaml = ["PyYAML (>=3.10)"]
zookeeper = ["kazoo (>=1.3.1)"]
zstd = ["zstandard (==0.22.0)"]

[[package]]
name = "certifi"
version = "2024.2.2"
description = "Python package for providing Mozilla's CA Bundle."
category = "main"
optional = false
python-versions = ">=3.6"

[[package]]
name = "charset-normalizer"
version = "3.3.2"
description = "The Real First Universal Charset Detector. Open, modern and actively maintained alternative to Chardet."
category = "main"
optional = false
python-versions = ">=3.7.0"

[[package]]
name = "click"
version = "8.1.7"
description = "Composable command line interface toolkit"
category = "main"
optional = false
python-versions = ">=3.7"

[package.dependencies]
colorama = {version = "*", markers = "platform_system == \"Windows\""}

[[package]]
name = "click-didyoumean"
version = "0.3.1"
description = "Enables git-like *did-you-mean* feature in click"
category = "main"
optional = false
python-versions = ">=3.6.2"

[package.dependencies]
click = ">=7"

[[package]]
name = "click-plugins"
version = "1.1.1"
description = "An extension module for click to enable registering CLI commands via setuptools entry-points."
category = "main"
optional = false
python-versions = "*"

[package.dependencies]
click = ">=4.0"

[package.extras]
dev = ["pytest (>=3.6)", "pytest-cov", "wheel", "coveralls"]

[[package]]
name = "click-repl"
version = "0.3.0"
description = "REPL plugin for Click"
category = "main"
optional = false
python-versions = ">=3.6"

[package.dependencies]
click = ">=7.0"
prompt-toolkit = ">=3.0.36"

[package.extras]
testing = ["pytest-cov (>=4.0.0)", "pytest (>=7.2.1)", "tox (>=4.4.3)"]

[[package]]
name = "colorama"
version = "0.4.6"
description = "Cross-platform colored terminal text."
category = "main"
optional = false
python-versions = "!=3.0.*,!=3.1.*,!=3.2.*,!=3.3.*,!=3.4.*,!=3.5.*,!=3.6.*,>=2.7"

[[package]]
name = "coverage"
version = "7.5.1"
description = "Code coverage measurement for Python"
category = "main"
optional = false
python-versions = ">=3.8"

[package.extras]
toml = ["tomli"]

[[package]]
name = "crispy-bootstrap5"
version = "2024.2"
description = "Bootstrap5 template pack for django-crispy-forms"
category = "main"
optional = false
python-versions = ">=3.8"

[package.dependencies]
django = ">=4.2"
django-crispy-forms = ">=2"

[package.extras]
test = ["pytest", "pytest-django"]

[[package]]
name = "cron-descriptor"
version = "1.4.3"
description = "A Python library that converts cron expressions into human readable strings."
category = "main"
optional = false
python-versions = "*"

[package.extras]
dev = ["polib"]

[[package]]
name = "decorator"
version = "5.1.1"
description = "Decorators for Humans"
category = "main"
optional = false
python-versions = ">=3.5"

[[package]]
name = "django"
version = "4.2"
description = "A high-level Python web framework that encourages rapid development and clean, pragmatic design."
category = "main"
optional = false
python-versions = ">=3.8"

[package.dependencies]
asgiref = ">=3.6.0,<4"
sqlparse = ">=0.3.1"
tzdata = {version = "*", markers = "sys_platform == \"win32\""}

[package.extras]
argon2 = ["argon2-cffi (>=19.1.0)"]
bcrypt = ["bcrypt"]

[[package]]
name = "django-celery-beat"
version = "2.6.0"
description = "Database-backed Periodic Tasks."
category = "main"
optional = false
python-versions = "*"

[package.dependencies]
celery = ">=5.2.3,<6.0"
cron-descriptor = ">=1.2.32"
Django = ">=2.2,<5.1"
django-timezone-field = ">=5.0"
python-crontab = ">=2.3.4"
tzdata = "*"

[[package]]
name = "django-crispy-forms"
version = "2.1"
description = "Best way to have Django DRY forms"
category = "main"
optional = false
python-versions = ">=3.8"

[package.dependencies]
django = ">=4.2"

[[package]]
name = "django-timezone-field"
version = "6.1.0"
description = "A Django app providing DB, form, and REST framework fields for zoneinfo and pytz timezone objects."
category = "main"
optional = false
python-versions = ">=3.8,<4.0"

[package.dependencies]
Django = ">=3.2,<6.0"

[[package]]
name = "djangorestframework"
version = "3.15.1"
description = "Web APIs for Django, made easy."
category = "main"
optional = false
python-versions = ">=3.6"

[package.dependencies]
django = ">=3.0"

[[package]]
name = "djangorestframework-simplejwt"
version = "5.3.1"
description = "A minimal JSON Web Token authentication plugin for Django REST Framework"
category = "main"
optional = false
python-versions = ">=3.8"

[package.dependencies]
django = ">=3.2"
djangorestframework = ">=3.12"
pyjwt = ">=1.7.1,<3"

[package.extras]
test = ["cryptography", "freezegun", "pytest-cov", "pytest-django", "pytest-xdist", "pytest", "tox"]
lint = ["flake8", "pep8", "isort"]
doc = ["Sphinx (>=1.6.5,<2)", "sphinx_rtd_theme (>=0.1.9)"]
dev = ["pytest-watch", "wheel", "twine", "ipython", "cryptography", "freezegun", "pytest-cov", "pytest-django", "pytest-xdist", "pytest", "tox", "flake8", "pep8", "isort", "Sphinx (>=1.6.5,<2)", "sphinx_rtd_theme (>=0.1.9)", "python-jose (==3.3.0)"]
python-jose = ["python-jose (==3.3.0)"]
crypto = ["cryptography (>=3.3.1)"]

[[package]]
name = "drf-yasg"
version = "1.21.7"
description = "Automated generation of real Swagger/OpenAPI 2.0 schemas from Django Rest Framework code."
category = "main"
optional = false
python-versions = ">=3.6"

[package.dependencies]
django = ">=2.2.16"
djangorestframework = ">=3.10.3"
inflection = ">=0.3.1"
packaging = ">=21.0"
pytz = ">=2021.1"
pyyaml = ">=5.1"
uritemplate = ">=3.0.0"

[package.extras]
coreapi = ["coreapi (>=2.3.3)", "coreschema (>=0.0.4)"]
validation = ["swagger-spec-validator (>=2.1.0)"]

[[package]]
name = "exceptiongroup"
version = "1.2.1"
description = "Backport of PEP 654 (exception groups)"
category = "main"
optional = false
python-versions = ">=3.7"

[package.extras]
test = ["pytest (>=6)"]

[[package]]
name = "executing"
version = "2.0.1"
description = "Get the currently executing AST node of a frame, and other information"
category = "main"
optional = false
python-versions = ">=3.5"

[package.extras]
tests = ["asttokens (>=2.1.0)", "ipython", "pytest", "coverage", "coverage-enable-subprocess", "littleutils", "rich"]

[[package]]
name = "idna"
version = "3.7"
description = "Internationalized Domain Names in Applications (IDNA)"
category = "main"
optional = false
python-versions = ">=3.5"

[[package]]
name = "inflection"
version = "0.5.1"
description = "A port of Ruby on Rails inflector to Python"
category = "main"
optional = false
python-versions = ">=3.5"

[[package]]
name = "ipython"
version = "8.24.0"
description = "IPython: Productive Interactive Computing"
category = "main"
optional = false
python-versions = ">=3.10"

[package.dependencies]
colorama = {version = "*", markers = "sys_platform == \"win32\""}
decorator = "*"
exceptiongroup = {version = "*", markers = "python_version < \"3.11\""}
jedi = ">=0.16"
matplotlib-inline = "*"
pexpect = {version = ">4.3", markers = "sys_platform != \"win32\" and sys_platform != \"emscripten\""}
prompt-toolkit = ">=3.0.41,<3.1.0"
pygments = ">=2.4.0"
stack-data = "*"
traitlets = ">=5.13.0"
typing-extensions = {version = ">=4.6", markers = "python_version < \"3.12\""}

[package.extras]
all = ["ipython", "ipython"]
black = ["black"]
doc = ["ipykernel", "setuptools (>=18.5)", "sphinx (>=1.3)", "sphinx-rtd-theme", "sphinxcontrib-jquery", "docrepr", "matplotlib", "stack-data", "typing-extensions", "exceptiongroup", "ipython"]
kernel = ["ipykernel"]
matplotlib = ["matplotlib"]
nbconvert = ["nbconvert"]
nbformat = ["nbformat"]
notebook = ["ipywidgets", "notebook"]
parallel = ["ipyparallel"]
qtconsole = ["qtconsole"]
test = ["pytest", "pytest-asyncio (<0.22)", "testpath", "pickleshare"]
test-extra = ["ipython", "curio", "matplotlib (!=3.2.0)", "nbformat", "numpy (>=1.23)", "pandas", "trio"]

[[package]]
name = "jedi"
version = "0.19.1"
description = "An autocompletion tool for Python that can be used for text editors."
category = "main"
optional = false
python-versions = ">=3.6"

[package.dependencies]
parso = ">=0.8.3,<0.9.0"

[package.extras]
docs = ["Jinja2 (==2.11.3)", "MarkupSafe (==1.1.1)", "Pygments (==2.8.1)", "alabaster (==0.7.12)", "babel (==2.9.1)", "chardet (==4.0.0)", "commonmark (==0.8.1)", "docutils (==0.17.1)", "future (==0.18.2)", "idna (==2.10)", "imagesize (==1.2.0)", "mock (==1.0.1)", "packaging (==20.9)", "pyparsing (==2.4.7)", "pytz (==2021.1)", "readthedocs-sphinx-ext (==2.1.4)", "recommonmark (==0.5.0)", "requests (==2.25.1)", "six (==1.15.0)", "snowballstemmer (==2.1.0)", "sphinx-rtd-theme (==0.4.3)", "sphinx (==1.8.5)", "sphinxcontrib-serializinghtml (==1.1.4)", "sphinxcontrib-websupport (==1.2.4)", "urllib3 (==1.26.4)"]
qa = ["flake8 (==5.0.4)", "mypy (==0.971)", "types-setuptools (==67.2.0.1)"]
testing = ["django", "attrs", "colorama", "docopt", "pytest (<7.0.0)"]

[[package]]
name = "kombu"
version = "5.3.7"
description = "Messaging library for Python."
category = "main"
optional = false
python-versions = ">=3.8"

[package.dependencies]
amqp = ">=5.1.1,<6.0.0"
vine = "*"

[package.extras]
azureservicebus = ["azure-servicebus (>=7.10.0)"]
azurestoragequeues = ["azure-storage-queue (>=12.6.0)", "azure-identity (>=1.12.0)"]
confluentkafka = ["confluent-kafka (>=2.2.0)"]
consul = ["python-consul2"]
librabbitmq = ["librabbitmq (>=2.0.0)"]
mongodb = ["pymongo (>=4.1.1)"]
msgpack = ["msgpack"]
pyro = ["pyro4"]
qpid = ["qpid-python (>=0.26)", "qpid-tools (>=0.26)"]
redis = ["redis (>=4.5.2,!=4.5.5,!=5.0.2)"]
slmq = ["softlayer-messaging (>=1.0.3)"]
sqlalchemy = ["sqlalchemy (>=1.4.48,<2.1)"]
sqs = ["boto3 (>=1.26.143)", "urllib3 (>=1.26.16)", "pycurl (>=7.43.0.5)"]
yaml = ["PyYAML (>=3.10)"]
zookeeper = ["kazoo (>=2.8.0)"]

[[package]]
name = "matplotlib-inline"
version = "0.1.7"
description = "Inline Matplotlib backend for Jupyter"
category = "main"
optional = false
python-versions = ">=3.8"

[package.dependencies]
traitlets = "*"

[[package]]
name = "packaging"
version = "24.0"
description = "Core utilities for Python packages"
category = "main"
optional = false
python-versions = ">=3.7"

[[package]]
name = "parso"
version = "0.8.4"
description = "A Python Parser"
category = "main"
optional = false
python-versions = ">=3.6"

[package.extras]
qa = ["flake8 (==5.0.4)", "mypy (==0.971)", "types-setuptools (==67.2.0.1)"]
testing = ["docopt", "pytest"]

[[package]]
name = "pexpect"
version = "4.9.0"
description = "Pexpect allows easy control of interactive console applications."
category = "main"
optional = false
python-versions = "*"

[package.dependencies]
ptyprocess = ">=0.5"

[[package]]
name = "pillow"
version = "10.3.0"
description = "Python Imaging Library (Fork)"
category = "main"
optional = false
python-versions = ">=3.8"

[package.extras]
docs = ["furo", "olefile", "sphinx (>=2.4)", "sphinx-copybutton", "sphinx-inline-tabs", "sphinx-removed-in", "sphinxext-opengraph"]
fpx = ["olefile"]
mic = ["olefile"]
tests = ["check-manifest", "coverage", "defusedxml", "markdown2", "olefile", "packaging", "pyroma", "pytest", "pytest-cov", "pytest-timeout"]
typing = ["typing-extensions"]
xmp = ["defusedxml"]

[[package]]
name = "prompt-toolkit"
version = "3.0.43"
description = "Library for building powerful interactive command lines in Python"
category = "main"
optional = false
python-versions = ">=3.7.0"

[package.dependencies]
wcwidth = "*"

[[package]]
name = "psycopg2-binary"
version = "2.9.9"
description = "psycopg2 - Python-PostgreSQL Database Adapter"
category = "main"
optional = false
python-versions = ">=3.7"

[[package]]
name = "ptyprocess"
version = "0.7.0"
description = "Run a subprocess in a pseudo terminal"
category = "main"
optional = false
python-versions = "*"

[[package]]
name = "pure-eval"
version = "0.2.2"
description = "Safely evaluate AST nodes without side effects"
category = "main"
optional = false
python-versions = "*"

[package.extras]
tests = ["pytest"]

[[package]]
name = "pygments"
version = "2.17.2"
description = "Pygments is a syntax highlighting package written in Python."
category = "main"
optional = false
python-versions = ">=3.7"

[package.extras]
plugins = ["importlib-metadata"]
windows-terminal = ["colorama (>=0.4.6)"]

[[package]]
name = "pyjwt"
version = "2.8.0"
description = "JSON Web Token implementation in Python"
category = "main"
optional = false
python-versions = ">=3.7"

[package.extras]
crypto = ["cryptography (>=3.4.0)"]
dev = ["sphinx (>=4.5.0,<5.0.0)", "sphinx-rtd-theme", "zope.interface", "cryptography (>=3.4.0)", "pytest (>=6.0.0,<7.0.0)", "coverage[toml] (==5.0.4)", "pre-commit"]
docs = ["sphinx (>=4.5.0,<5.0.0)", "sphinx-rtd-theme", "zope.interface"]
tests = ["pytest (>=6.0.0,<7.0.0)", "coverage[toml] (==5.0.4)"]

[[package]]
name = "python-crontab"
version = "3.0.0"
description = "Python Crontab API"
category = "main"
optional = false
python-versions = "*"

[package.dependencies]
python-dateutil = "*"

[package.extras]
cron-description = ["cron-descriptor"]
cron-schedule = ["croniter"]

[[package]]
name = "python-dateutil"
version = "2.9.0.post0"
description = "Extensions to the standard Python datetime module"
category = "main"
optional = false
python-versions = "!=3.0.*,!=3.1.*,!=3.2.*,>=2.7"

[package.dependencies]
six = ">=1.5"

[[package]]
name = "python-dotenv"
version = "1.0.1"
description = "Read key-value pairs from a .env file and set them as environment variables"
category = "main"
optional = false
python-versions = ">=3.8"

[package.extras]
cli = ["click (>=5.0)"]

[[package]]
name = "pytz"
version = "2024.1"
description = "World timezone definitions, modern and historical"
category = "main"
optional = false
python-versions = "*"

[[package]]
name = "pyyaml"
version = "6.0.1"
description = "YAML parser and emitter for Python"
category = "main"
optional = false
python-versions = ">=3.6"

[[package]]
name = "redis"
version = "5.0.4"
description = "Python client for Redis database and key-value store"
category = "main"
optional = false
python-versions = ">=3.7"

[package.dependencies]
async-timeout = {version = ">=4.0.3", markers = "python_full_version < \"3.11.3\""}

[package.extras]
hiredis = ["hiredis (>=1.0.0)"]
ocsp = ["cryptography (>=36.0.1)", "pyopenssl (==20.0.1)", "requests (>=2.26.0)"]

[[package]]
name = "requests"
version = "2.31.0"
description = "Python HTTP for Humans."
category = "main"
optional = false
python-versions = ">=3.7"

[package.dependencies]
certifi = ">=2017.4.17"
charset-normalizer = ">=2,<4"
idna = ">=2.5,<4"
urllib3 = ">=1.21.1,<3"

[package.extras]
socks = ["PySocks (>=1.5.6,!=1.5.7)"]
use_chardet_on_py3 = ["chardet (>=3.0.2,<6)"]

[[package]]
name = "six"
version = "1.16.0"
description = "Python 2 and 3 compatibility utilities"
category = "main"
optional = false
python-versions = ">=2.7, !=3.0.*, !=3.1.*, !=3.2.*"

[[package]]
name = "sqlparse"
version = "0.5.0"
description = "A non-validating SQL parser."
category = "main"
optional = false
python-versions = ">=3.8"

[package.extras]
dev = ["build", "hatch"]
doc = ["sphinx"]

[[package]]
name = "stack-data"
version = "0.6.3"
description = "Extract data from python stack frames and tracebacks for informative displays"
category = "main"
optional = false
python-versions = "*"

[package.dependencies]
asttokens = ">=2.1.0"
executing = ">=1.2.0"
pure-eval = "*"

[package.extras]
tests = ["pytest", "typeguard", "pygments", "littleutils", "cython"]

[[package]]
name = "stripe"
version = "9.6.0"
description = "Python bindings for the Stripe API"
category = "main"
optional = false
python-versions = ">=3.6"

[package.dependencies]
requests = {version = ">=2.20", markers = "python_version >= \"3.0\""}
typing-extensions = {version = ">=4.5.0", markers = "python_version >= \"3.7\""}

[[package]]
name = "traitlets"
version = "5.14.3"
description = "Traitlets Python configuration system"
category = "main"
optional = false
python-versions = ">=3.8"

[package.extras]
docs = ["myst-parser", "pydata-sphinx-theme", "sphinx"]
test = ["argcomplete (>=3.0.3)", "mypy (>=1.7.0)", "pre-commit", "pytest-mock", "pytest-mypy-testing", "pytest (>=7.0,<8.2)"]

[[package]]
name = "typing-extensions"
version = "4.11.0"
description = "Backported and Experimental Type Hints for Python 3.8+"
category = "main"
optional = false
python-versions = ">=3.8"

[[package]]
name = "tzdata"
version = "2024.1"
description = "Provider of IANA time zone data"
category = "main"
optional = false
python-versions = ">=2"

[[package]]
name = "uritemplate"
version = "4.1.1"
description = "Implementation of RFC 6570 URI Templates"
category = "main"
optional = false
python-versions = ">=3.6"

[[package]]
name = "urllib3"
version = "2.2.1"
description = "HTTP library with thread-safe connection pooling, file post, and more."
category = "main"
optional = false
python-versions = ">=3.8"

[package.extras]
brotli = ["brotli (>=1.0.9)", "brotlicffi (>=0.8.0)"]
h2 = ["h2 (>=4,<5)"]
socks = ["pysocks (>=1.5.6,!=1.5.7,<2.0)"]
zstd = ["zstandard (>=0.18.0)"]

[[package]]
name = "vine"
version = "5.1.0"
description = "Python promises."
category = "main"
optional = false
python-versions = ">=3.6"

[[package]]
name = "wcwidth"
version = "0.2.13"
description = "Measures the displayed width of unicode strings in a terminal"
category = "main"
optional = false
python-versions = "*"

[metadata]
lock-version = "1.1"
python-versions = "^3.10"
content-hash = "99705e3d2a97d80cb5a506cc16ebb5ffb31d2b57a229c590c298644ac68090a3"

[metadata.files]
amqp = []
asgiref = []
asttokens = []
async-timeout = []
billiard = []
celery = []
certifi = []
charset-normalizer = []
click = []
click-didyoumean = []
click-plugins = []
click-repl = []
colorama = []
coverage = []
crispy-bootstrap5 = []
cron-descriptor = []
decorator = []
django = []
django-celery-beat = []
django-crispy-forms = []
django-timezone-field = []
djangorestframework = []
djangorestframework-simplejwt = []
drf-yasg = []
exceptiongroup = []
executing = []
idna = []
inflection = []
ipython = []
jedi = []
kombu = []
matplotlib-inline = []
packaging = []
parso = []
pexpect = []
pillow = []
prompt-toolkit = []
psycopg2-binary = []
ptyprocess = []
pure-eval = []
pygments = []
pyjwt = []
python-crontab = []
python-dateutil = []
python-dotenv = []
pytz = []
pyyaml = []
redis = []
requests = []
six = []
sqlparse = []
stack-data = []
stripe = []
traitlets = []
typing-extensions = []
tzdata = []
uritemplate = []
urllib3 = []
vine = []
wcwidth = []
